
Microsoft Visual Studio Solution File, Format Version 12.00
# Visual Studio Version 17
VisualStudioVersion = 17.11.35208.52
MinimumVisualStudioVersion = 10.0.40219.1
Project("{2150E333-8FDC-42A3-9474-1A3956D46DE8}") = "01", "01", "{8B9136E4-3337-4184-8E62-387D265736F1}"
EndProject
Project("{9A19103F-16F7-4668-BE54-9A1E7A4F7556}") = "PiramedeCuadr.Consola", "PiramedeCuadr.Consola\PiramedeCuadr.Consola.csproj", "{B28A920B-4DA3-4012-B052-5F794D8B1C57}"
EndProject
Project("{9A19103F-16F7-4668-BE54-9A1E7A4F7556}") = "PiramedeCuadr.Entidades", "PiramedeCuadr.Entidades\PiramedeCuadr.Entidades.csproj", "{51E9DBD3-C9AE-4858-98D0-2C2B8E0B36C9}"
EndProject
Project("{2150E333-8FDC-42A3-9474-1A3956D46DE8}") = "02", "02", "{EE70A9F8-ED87-40E9-AE2C-108ADAB1220A}"
EndProject
Project("{9A19103F-16F7-4668-BE54-9A1E7A4F7556}") = "ValidarFecha.Entidades", "ValidarFecha.Entidades\ValidarFecha.Entidades.csproj", "{77D4DC8E-20A1-4696-A114-C51A424009D5}"
EndProject
Project("{9A19103F-16F7-4668-BE54-9A1E7A4F7556}") = "ValidarFecha3.Consola", "ValidarFecha3.Consola\ValidarFecha3.Consola.csproj", "{721B2E64-91FE-48CE-A674-112B11D08CAF}"
EndProject
Project("{2150E333-8FDC-42A3-9474-1A3956D46DE8}") = "03", "03", "{ADCE5344-43BF-4F12-97C1-22D1D0868636}"
EndProject
Project("{9A19103F-16F7-4668-BE54-9A1E7A4F7556}") = "Temperaturas.Consola", "Temperaturas.Consola\Temperaturas.Consola.csproj", "{0E966BA1-CA6D-4680-BD4F-6907898332E3}"
EndProject
Project("{9A19103F-16F7-4668-BE54-9A1E7A4F7556}") = "Temperaturas.Entidades", "Temperaturas.Entidades\Temperaturas.Entidades.csproj", "{2FCD99E9-5460-456D-9489-21DBE88DEB9A}"
EndProject
Project("{2150E333-8FDC-42A3-9474-1A3956D46DE8}") = "04", "04", "{B221922E-2C55-4400-A88B-18B8770B6FBE}"
EndProject
Project("{9A19103F-16F7-4668-BE54-9A1E7A4F7556}") = "Armstrong.Consola", "Armstrong.Consola\Armstrong.Consola.csproj", "{AD83118C-5D81-4766-9527-7DF68C93CCB3}"
EndProject
Project("{9A19103F-16F7-4668-BE54-9A1E7A4F7556}") = "Armstrong.Entidades", "Armstrong.Entidades\Armstrong.Entidades.csproj", "{B63E1533-D9A4-450D-9D85-A0B823CDC3A6}"
EndProject
Project("{9A19103F-16F7-4668-BE54-9A1E7A4F7556}") = "Armstrong.Datos", "Armstrong.Datos\Armstrong.Datos.csproj", "{FA656D43-CF0E-44A7-A39B-B14D957693D9}"
EndProject
Project("{2150E333-8FDC-42A3-9474-1A3956D46DE8}") = "42", "42", "{B64927D9-728F-4022-B932-BEB56F563FEA}"
EndProject
Project("{FAE04EC0-301F-11D3-BF4B-00C04F79EFBC}") = "42.Consola", "42.Consola\42.Consola.csproj", "{8EFC2F02-AE8D-401A-A71E-0D8E387BF0F5}"
EndProject
Project("{FAE04EC0-301F-11D3-BF4B-00C04F79EFBC}") = "42.Entidades", "42.Entidades\42.Entidades.csproj", "{45DE74F2-CC5D-4012-9BF0-113BC7079DED}"
EndProject
Project("{FAE04EC0-301F-11D3-BF4B-00C04F79EFBC}") = "42.Datos", "42.Datos\42.Datos.csproj", "{EDBF907C-1887-41AD-8627-EC95A75A0525}"
EndProject
Global
	GlobalSection(SolutionConfigurationPlatforms) = preSolution
		Debug|Any CPU = Debug|Any CPU
		Release|Any CPU = Release|Any CPU
	EndGlobalSection
	GlobalSection(ProjectConfigurationPlatforms) = postSolution
		{B28A920B-4DA3-4012-B052-5F794D8B1C57}.Debug|Any CPU.ActiveCfg = Debug|Any CPU
		{B28A920B-4DA3-4012-B052-5F794D8B1C57}.Debug|Any CPU.Build.0 = Debug|Any CPU
		{B28A920B-4DA3-4012-B052-5F794D8B1C57}.Release|Any CPU.ActiveCfg = Release|Any CPU
		{B28A920B-4DA3-4012-B052-5F794D8B1C57}.Release|Any CPU.Build.0 = Release|Any CPU
		{51E9DBD3-C9AE-4858-98D0-2C2B8E0B36C9}.Debug|Any CPU.ActiveCfg = Debug|Any CPU
		{51E9DBD3-C9AE-4858-98D0-2C2B8E0B36C9}.Debug|Any CPU.Build.0 = Debug|Any CPU
		{51E9DBD3-C9AE-4858-98D0-2C2B8E0B36C9}.Release|Any CPU.ActiveCfg = Release|Any CPU
		{51E9DBD3-C9AE-4858-98D0-2C2B8E0B36C9}.Release|Any CPU.Build.0 = Release|Any CPU
		{77D4DC8E-20A1-4696-A114-C51A424009D5}.Debug|Any CPU.ActiveCfg = Debug|Any CPU
		{77D4DC8E-20A1-4696-A114-C51A424009D5}.Debug|Any CPU.Build.0 = Debug|Any CPU
		{77D4DC8E-20A1-4696-A114-C51A424009D5}.Release|Any CPU.ActiveCfg = Release|Any CPU
		{77D4DC8E-20A1-4696-A114-C51A424009D5}.Release|Any CPU.Build.0 = Release|Any CPU
		{721B2E64-91FE-48CE-A674-112B11D08CAF}.Debug|Any CPU.ActiveCfg = Debug|Any CPU
		{721B2E64-91FE-48CE-A674-112B11D08CAF}.Debug|Any CPU.Build.0 = Debug|Any CPU
		{721B2E64-91FE-48CE-A674-112B11D08CAF}.Release|Any CPU.ActiveCfg = Release|Any CPU
		{721B2E64-91FE-48CE-A674-112B11D08CAF}.Release|Any CPU.Build.0 = Release|Any CPU
		{0E966BA1-CA6D-4680-BD4F-6907898332E3}.Debug|Any CPU.ActiveCfg = Debug|Any CPU
		{0E966BA1-CA6D-4680-BD4F-6907898332E3}.Debug|Any CPU.Build.0 = Debug|Any CPU
		{0E966BA1-CA6D-4680-BD4F-6907898332E3}.Release|Any CPU.ActiveCfg = Release|Any CPU
		{0E966BA1-CA6D-4680-BD4F-6907898332E3}.Release|Any CPU.Build.0 = Release|Any CPU
		{2FCD99E9-5460-456D-9489-21DBE88DEB9A}.Debug|Any CPU.ActiveCfg = Debug|Any CPU
		{2FCD99E9-5460-456D-9489-21DBE88DEB9A}.Debug|Any CPU.Build.0 = Debug|Any CPU
		{2FCD99E9-5460-456D-9489-21DBE88DEB9A}.Release|Any CPU.ActiveCfg = Release|Any CPU
		{2FCD99E9-5460-456D-9489-21DBE88DEB9A}.Release|Any CPU.Build.0 = Release|Any CPU
		{AD83118C-5D81-4766-9527-7DF68C93CCB3}.Debug|Any CPU.ActiveCfg = Debug|Any CPU
		{AD83118C-5D81-4766-9527-7DF68C93CCB3}.Debug|Any CPU.Build.0 = Debug|Any CPU
		{AD83118C-5D81-4766-9527-7DF68C93CCB3}.Release|Any CPU.ActiveCfg = Release|Any CPU
		{AD83118C-5D81-4766-9527-7DF68C93CCB3}.Release|Any CPU.Build.0 = Release|Any CPU
		{B63E1533-D9A4-450D-9D85-A0B823CDC3A6}.Debug|Any CPU.ActiveCfg = Debug|Any CPU
		{B63E1533-D9A4-450D-9D85-A0B823CDC3A6}.Debug|Any CPU.Build.0 = Debug|Any CPU
		{B63E1533-D9A4-450D-9D85-A0B823CDC3A6}.Release|Any CPU.ActiveCfg = Release|Any CPU
		{B63E1533-D9A4-450D-9D85-A0B823CDC3A6}.Release|Any CPU.Build.0 = Release|Any CPU
		{FA656D43-CF0E-44A7-A39B-B14D957693D9}.Debug|Any CPU.ActiveCfg = Debug|Any CPU
		{FA656D43-CF0E-44A7-A39B-B14D957693D9}.Debug|Any CPU.Build.0 = Debug|Any CPU
		{FA656D43-CF0E-44A7-A39B-B14D957693D9}.Release|Any CPU.ActiveCfg = Release|Any CPU
		{FA656D43-CF0E-44A7-A39B-B14D957693D9}.Release|Any CPU.Build.0 = Release|Any CPU
		{8EFC2F02-AE8D-401A-A71E-0D8E387BF0F5}.Debug|Any CPU.ActiveCfg = Debug|Any CPU
		{8EFC2F02-AE8D-401A-A71E-0D8E387BF0F5}.Debug|Any CPU.Build.0 = Debug|Any CPU
		{8EFC2F02-AE8D-401A-A71E-0D8E387BF0F5}.Release|Any CPU.ActiveCfg = Release|Any CPU
		{8EFC2F02-AE8D-401A-A71E-0D8E387BF0F5}.Release|Any CPU.Build.0 = Release|Any CPU
		{45DE74F2-CC5D-4012-9BF0-113BC7079DED}.Debug|Any CPU.ActiveCfg = Debug|Any CPU
		{45DE74F2-CC5D-4012-9BF0-113BC7079DED}.Debug|Any CPU.Build.0 = Debug|Any CPU
		{45DE74F2-CC5D-4012-9BF0-113BC7079DED}.Release|Any CPU.ActiveCfg = Release|Any CPU
		{45DE74F2-CC5D-4012-9BF0-113BC7079DED}.Release|Any CPU.Build.0 = Release|Any CPU
		{EDBF907C-1887-41AD-8627-EC95A75A0525}.Debug|Any CPU.ActiveCfg = Debug|Any CPU
		{EDBF907C-1887-41AD-8627-EC95A75A0525}.Debug|Any CPU.Build.0 = Debug|Any CPU
		{EDBF907C-1887-41AD-8627-EC95A75A0525}.Release|Any CPU.ActiveCfg = Release|Any CPU
		{EDBF907C-1887-41AD-8627-EC95A75A0525}.Release|Any CPU.Build.0 = Release|Any CPU
	EndGlobalSection
	GlobalSection(SolutionProperties) = preSolution
		HideSolutionNode = FALSE
	EndGlobalSection
	GlobalSection(NestedProjects) = preSolution
		{B28A920B-4DA3-4012-B052-5F794D8B1C57} = {8B9136E4-3337-4184-8E62-387D265736F1}
		{51E9DBD3-C9AE-4858-98D0-2C2B8E0B36C9} = {8B9136E4-3337-4184-8E62-387D265736F1}
		{77D4DC8E-20A1-4696-A114-C51A424009D5} = {EE70A9F8-ED87-40E9-AE2C-108ADAB1220A}
		{721B2E64-91FE-48CE-A674-112B11D08CAF} = {EE70A9F8-ED87-40E9-AE2C-108ADAB1220A}
		{0E966BA1-CA6D-4680-BD4F-6907898332E3} = {ADCE5344-43BF-4F12-97C1-22D1D0868636}
		{2FCD99E9-5460-456D-9489-21DBE88DEB9A} = {ADCE5344-43BF-4F12-97C1-22D1D0868636}
		{AD83118C-5D81-4766-9527-7DF68C93CCB3} = {B221922E-2C55-4400-A88B-18B8770B6FBE}
		{B63E1533-D9A4-450D-9D85-A0B823CDC3A6} = {B221922E-2C55-4400-A88B-18B8770B6FBE}
		{FA656D43-CF0E-44A7-A39B-B14D957693D9} = {B221922E-2C55-4400-A88B-18B8770B6FBE}
		{8EFC2F02-AE8D-401A-A71E-0D8E387BF0F5} = {B64927D9-728F-4022-B932-BEB56F563FEA}
		{45DE74F2-CC5D-4012-9BF0-113BC7079DED} = {B64927D9-728F-4022-B932-BEB56F563FEA}
		{EDBF907C-1887-41AD-8627-EC95A75A0525} = {B64927D9-728F-4022-B932-BEB56F563FEA}
	EndGlobalSection
	GlobalSection(ExtensibilityGlobals) = postSolution
		SolutionGuid = {FD1A27BF-81A1-4C15-90C0-1BCA9628F04B}
	EndGlobalSection
EndGlobal
